
Microsoft Visual Studio Solution File, Format Version 12.00
# Visual Studio Version 16
VisualStudioVersion = 16.0.33027.164
MinimumVisualStudioVersion = 10.0.40219.1
Project("{8BC9CEB8-8B4A-11D0-8D11-00A0C91BC942}") = "Day1", "Day1\Day1.vcxproj", "{FDF204F9-0062-4700-B664-95286B320FDB}"
EndProject
Project("{8BC9CEB8-8B4A-11D0-8D11-00A0C91BC942}") = "Day2", "Day2\Day2.vcxproj", "{57B9BACC-FC6C-43D7-8C42-327E120CE132}"
EndProject
Project("{8BC9CEB8-8B4A-11D0-8D11-00A0C91BC942}") = "Day3", "Day3\Day3.vcxproj", "{4CF40F1E-31BF-421D-8AC5-EDD342BBBC20}"
EndProject
Project("{8BC9CEB8-8B4A-11D0-8D11-00A0C91BC942}") = "Day4", "Day4\Day4.vcxproj", "{5AB734BF-D73C-4846-B233-79B438B8CDD9}"
EndProject
Project("{8BC9CEB8-8B4A-11D0-8D11-00A0C91BC942}") = "Day5", "Day5\Day5.vcxproj", "{670B1101-ABB2-40D7-9485-C0FB1B69759B}"
EndProject
Project("{8BC9CEB8-8B4A-11D0-8D11-00A0C91BC942}") = "Day6", "Day6\Day6.vcxproj", "{965CC08B-E59F-4338-A228-EBCED5CFE4F8}"
EndProject
Project("{8BC9CEB8-8B4A-11D0-8D11-00A0C91BC942}") = "Day7", "Day7\Day7.vcxproj", "{87AC14BA-0F3B-4C44-94DF-72DCBA7218CF}"
EndProject
Project("{8BC9CEB8-8B4A-11D0-8D11-00A0C91BC942}") = "Day8", "Day8\Day8.vcxproj", "{3CC9CF0D-C769-4550-951E-B64800F87A7E}"
EndProject
Project("{8BC9CEB8-8B4A-11D0-8D11-00A0C91BC942}") = "Day9", "Day9\Day9.vcxproj", "{08A0E9BF-67AB-45AC-B63C-73ACD9E3CBDA}"
EndProject
Project("{8BC9CEB8-8B4A-11D0-8D11-00A0C91BC942}") = "Day10", "Day10\Day10.vcxproj", "{AB841CBF-87D0-4C66-908F-9654AC38C6EB}"
EndProject
Global
	GlobalSection(SolutionConfigurationPlatforms) = preSolution
		Debug|x64 = Debug|x64
		Debug|x86 = Debug|x86
		Release|x64 = Release|x64
		Release|x86 = Release|x86
	EndGlobalSection
	GlobalSection(ProjectConfigurationPlatforms) = postSolution
		{FDF204F9-0062-4700-B664-95286B320FDB}.Debug|x64.ActiveCfg = Debug|x64
		{FDF204F9-0062-4700-B664-95286B320FDB}.Debug|x64.Build.0 = Debug|x64
		{FDF204F9-0062-4700-B664-95286B320FDB}.Debug|x86.ActiveCfg = Debug|Win32
		{FDF204F9-0062-4700-B664-95286B320FDB}.Debug|x86.Build.0 = Debug|Win32
		{FDF204F9-0062-4700-B664-95286B320FDB}.Release|x64.ActiveCfg = Release|x64
		{FDF204F9-0062-4700-B664-95286B320FDB}.Release|x64.Build.0 = Release|x64
		{FDF204F9-0062-4700-B664-95286B320FDB}.Release|x86.ActiveCfg = Release|Win32
		{FDF204F9-0062-4700-B664-95286B320FDB}.Release|x86.Build.0 = Release|Win32
		{57B9BACC-FC6C-43D7-8C42-327E120CE132}.Debug|x64.ActiveCfg = Debug|x64
		{57B9BACC-FC6C-43D7-8C42-327E120CE132}.Debug|x64.Build.0 = Debug|x64
		{57B9BACC-FC6C-43D7-8C42-327E120CE132}.Debug|x86.ActiveCfg = Debug|Win32
		{57B9BACC-FC6C-43D7-8C42-327E120CE132}.Debug|x86.Build.0 = Debug|Win32
		{57B9BACC-FC6C-43D7-8C42-327E120CE132}.Release|x64.ActiveCfg = Release|x64
		{57B9BACC-FC6C-43D7-8C42-327E120CE132}.Release|x64.Build.0 = Release|x64
		{57B9BACC-FC6C-43D7-8C42-327E120CE132}.Release|x86.ActiveCfg = Release|Win32
		{57B9BACC-FC6C-43D7-8C42-327E120CE132}.Release|x86.Build.0 = Release|Win32
		{4CF40F1E-31BF-421D-8AC5-EDD342BBBC20}.Debug|x64.ActiveCfg = Debug|x64
		{4CF40F1E-31BF-421D-8AC5-EDD342BBBC20}.Debug|x64.Build.0 = Debug|x64
		{4CF40F1E-31BF-421D-8AC5-EDD342BBBC20}.Debug|x86.ActiveCfg = Debug|Win32
		{4CF40F1E-31BF-421D-8AC5-EDD342BBBC20}.Debug|x86.Build.0 = Debug|Win32
		{4CF40F1E-31BF-421D-8AC5-EDD342BBBC20}.Release|x64.ActiveCfg = Release|x64
		{4CF40F1E-31BF-421D-8AC5-EDD342BBBC20}.Release|x64.Build.0 = Release|x64
		{4CF40F1E-31BF-421D-8AC5-EDD342BBBC20}.Release|x86.ActiveCfg = Release|Win32
		{4CF40F1E-31BF-421D-8AC5-EDD342BBBC20}.Release|x86.Build.0 = Release|Win32
		{5AB734BF-D73C-4846-B233-79B438B8CDD9}.Debug|x64.ActiveCfg = Debug|x64
		{5AB734BF-D73C-4846-B233-79B438B8CDD9}.Debug|x64.Build.0 = Debug|x64
		{5AB734BF-D73C-4846-B233-79B438B8CDD9}.Debug|x86.ActiveCfg = Debug|Win32
		{5AB734BF-D73C-4846-B233-79B438B8CDD9}.Debug|x86.Build.0 = Debug|Win32
		{5AB734BF-D73C-4846-B233-79B438B8CDD9}.Release|x64.ActiveCfg = Release|x64
		{5AB734BF-D73C-4846-B233-79B438B8CDD9}.Release|x64.Build.0 = Release|x64
		{5AB734BF-D73C-4846-B233-79B438B8CDD9}.Release|x86.ActiveCfg = Release|Win32
		{5AB734BF-D73C-4846-B233-79B438B8CDD9}.Release|x86.Build.0 = Release|Win32
		{670B1101-ABB2-40D7-9485-C0FB1B69759B}.Debug|x64.ActiveCfg = Debug|x64
		{670B1101-ABB2-40D7-9485-C0FB1B69759B}.Debug|x64.Build.0 = Debug|x64
		{670B1101-ABB2-40D7-9485-C0FB1B69759B}.Debug|x86.ActiveCfg = Debug|Win32
		{670B1101-ABB2-40D7-9485-C0FB1B69759B}.Debug|x86.Build.0 = Debug|Win32
		{670B1101-ABB2-40D7-9485-C0FB1B69759B}.Release|x64.ActiveCfg = Release|x64
		{670B1101-ABB2-40D7-9485-C0FB1B69759B}.Release|x64.Build.0 = Release|x64
		{670B1101-ABB2-40D7-9485-C0FB1B69759B}.Release|x86.ActiveCfg = Release|Win32
		{670B1101-ABB2-40D7-9485-C0FB1B69759B}.Release|x86.Build.0 = Release|Win32
		{965CC08B-E59F-4338-A228-EBCED5CFE4F8}.Debug|x64.ActiveCfg = Debug|x64
		{965CC08B-E59F-4338-A228-EBCED5CFE4F8}.Debug|x64.Build.0 = Debug|x64
		{965CC08B-E59F-4338-A228-EBCED5CFE4F8}.Debug|x86.ActiveCfg = Debug|Win32
		{965CC08B-E59F-4338-A228-EBCED5CFE4F8}.Debug|x86.Build.0 = Debug|Win32
		{965CC08B-E59F-4338-A228-EBCED5CFE4F8}.Release|x64.ActiveCfg = Release|x64
		{965CC08B-E59F-4338-A228-EBCED5CFE4F8}.Release|x64.Build.0 = Release|x64
		{965CC08B-E59F-4338-A228-EBCED5CFE4F8}.Release|x86.ActiveCfg = Release|Win32
		{965CC08B-E59F-4338-A228-EBCED5CFE4F8}.Release|x86.Build.0 = Release|Win32
		{87AC14BA-0F3B-4C44-94DF-72DCBA7218CF}.Debug|x64.ActiveCfg = Debug|x64
		{87AC14BA-0F3B-4C44-94DF-72DCBA7218CF}.Debug|x64.Build.0 = Debug|x64
		{87AC14BA-0F3B-4C44-94DF-72DCBA7218CF}.Debug|x86.ActiveCfg = Debug|Win32
		{87AC14BA-0F3B-4C44-94DF-72DCBA7218CF}.Debug|x86.Build.0 = Debug|Win32
		{87AC14BA-0F3B-4C44-94DF-72DCBA7218CF}.Release|x64.ActiveCfg = Release|x64
		{87AC14BA-0F3B-4C44-94DF-72DCBA7218CF}.Release|x64.Build.0 = Release|x64
		{87AC14BA-0F3B-4C44-94DF-72DCBA7218CF}.Release|x86.ActiveCfg = Release|Win32
		{87AC14BA-0F3B-4C44-94DF-72DCBA7218CF}.Release|x86.Build.0 = Release|Win32
		{3CC9CF0D-C769-4550-951E-B64800F87A7E}.Debug|x64.ActiveCfg = Debug|x64
		{3CC9CF0D-C769-4550-951E-B64800F87A7E}.Debug|x64.Build.0 = Debug|x64
		{3CC9CF0D-C769-4550-951E-B64800F87A7E}.Debug|x86.ActiveCfg = Debug|Win32
		{3CC9CF0D-C769-4550-951E-B64800F87A7E}.Debug|x86.Build.0 = Debug|Win32
		{3CC9CF0D-C769-4550-951E-B64800F87A7E}.Release|x64.ActiveCfg = Release|x64
		{3CC9CF0D-C769-4550-951E-B64800F87A7E}.Release|x64.Build.0 = Release|x64
		{3CC9CF0D-C769-4550-951E-B64800F87A7E}.Release|x86.ActiveCfg = Release|Win32
		{3CC9CF0D-C769-4550-951E-B64800F87A7E}.Release|x86.Build.0 = Release|Win32
		{08A0E9BF-67AB-45AC-B63C-73ACD9E3CBDA}.Debug|x64.ActiveCfg = Debug|x64
		{08A0E9BF-67AB-45AC-B63C-73ACD9E3CBDA}.Debug|x64.Build.0 = Debug|x64
		{08A0E9BF-67AB-45AC-B63C-73ACD9E3CBDA}.Debug|x86.ActiveCfg = Debug|Win32
		{08A0E9BF-67AB-45AC-B63C-73ACD9E3CBDA}.Debug|x86.Build.0 = Debug|Win32
		{08A0E9BF-67AB-45AC-B63C-73ACD9E3CBDA}.Release|x64.ActiveCfg = Release|x64
		{08A0E9BF-67AB-45AC-B63C-73ACD9E3CBDA}.Release|x64.Build.0 = Release|x64
		{08A0E9BF-67AB-45AC-B63C-73ACD9E3CBDA}.Release|x86.ActiveCfg = Release|Win32
		{08A0E9BF-67AB-45AC-B63C-73ACD9E3CBDA}.Release|x86.Build.0 = Release|Win32
		{AB841CBF-87D0-4C66-908F-9654AC38C6EB}.Debug|x64.ActiveCfg = Debug|x64
		{AB841CBF-87D0-4C66-908F-9654AC38C6EB}.Debug|x64.Build.0 = Debug|x64
		{AB841CBF-87D0-4C66-908F-9654AC38C6EB}.Debug|x86.ActiveCfg = Debug|Win32
		{AB841CBF-87D0-4C66-908F-9654AC38C6EB}.Debug|x86.Build.0 = Debug|Win32
		{AB841CBF-87D0-4C66-908F-9654AC38C6EB}.Release|x64.ActiveCfg = Release|x64
		{AB841CBF-87D0-4C66-908F-9654AC38C6EB}.Release|x64.Build.0 = Release|x64
		{AB841CBF-87D0-4C66-908F-9654AC38C6EB}.Release|x86.ActiveCfg = Release|Win32
		{AB841CBF-87D0-4C66-908F-9654AC38C6EB}.Release|x86.Build.0 = Release|Win32
	EndGlobalSection
	GlobalSection(SolutionProperties) = preSolution
		HideSolutionNode = FALSE
	EndGlobalSection
	GlobalSection(ExtensibilityGlobals) = postSolution
		SolutionGuid = {427E2EB3-6731-40B1-9AF9-D8D23B1D9089}
	EndGlobalSection
EndGlobal
